
Microsoft Visual Studio Solution File, Format Version 12.00
# Visual Studio 14
VisualStudioVersion = 14.0.25420.1
MinimumVisualStudioVersion = 10.0.40219.1
Project("{FAE04EC0-301F-11D3-BF4B-00C04F79EFBC}") = "October-28-Lab-CSharp-OOP", "October-28-Lab-CSharp-OOP\October-28-Lab-CSharp-OOP.csproj", "{95809C2C-83A5-4E3F-9086-71833BD6FFBC}"
EndProject
Project("{FAE04EC0-301F-11D3-BF4B-00C04F79EFBC}") = "Problem2.Barcodes", "Problem2.Barcodes\Problem2.Barcodes.csproj", "{FCD6287D-508B-4A72-820E-2836D75906CA}"
EndProject
Global
	GlobalSection(SolutionConfigurationPlatforms) = preSolution
		Debug|Any CPU = Debug|Any CPU
		Release|Any CPU = Release|Any CPU
	EndGlobalSection
	GlobalSection(ProjectConfigurationPlatforms) = postSolution
		{95809C2C-83A5-4E3F-9086-71833BD6FFBC}.Debug|Any CPU.ActiveCfg = Debug|Any CPU
		{95809C2C-83A5-4E3F-9086-71833BD6FFBC}.Debug|Any CPU.Build.0 = Debug|Any CPU
		{95809C2C-83A5-4E3F-9086-71833BD6FFBC}.Release|Any CPU.ActiveCfg = Release|Any CPU
		{95809C2C-83A5-4E3F-9086-71833BD6FFBC}.Release|Any CPU.Build.0 = Release|Any CPU
		{FCD6287D-508B-4A72-820E-2836D75906CA}.Debug|Any CPU.ActiveCfg = Debug|Any CPU
		{FCD6287D-508B-4A72-820E-2836D75906CA}.Debug|Any CPU.Build.0 = Debug|Any CPU
		{FCD6287D-508B-4A72-820E-2836D75906CA}.Release|Any CPU.ActiveCfg = Release|Any CPU
		{FCD6287D-508B-4A72-820E-2836D75906CA}.Release|Any CPU.Build.0 = Release|Any CPU
	EndGlobalSection
	GlobalSection(SolutionProperties) = preSolution
		HideSolutionNode = FALSE
	EndGlobalSection
EndGlobal
